
Microsoft Visual Studio Solution File, Format Version 12.00
# Visual Studio Version 16
VisualStudioVersion = 16.0.29020.237
MinimumVisualStudioVersion = 10.0.40219.1
Project("{9A19103F-16F7-4668-BE54-9A1E7A4F7556}") = "TestingHomework-Discounts", "TestingHomework-Discounts\TestingHomework-Discounts.csproj", "{4D943CB5-002E-473E-A2F2-59B5D28093DA}"
EndProject
Project("{FAE04EC0-301F-11D3-BF4B-00C04F79EFBC}") = "TestingHomework.Tests", "TestingHomework.Tests\TestingHomework.Tests.csproj", "{371091F1-D164-4F8D-B727-F628590749EC}"
EndProject
Project("{2150E333-8FDC-42A3-9474-1A3956D46DE8}") = "Tests", "Tests", "{CFB92C2F-6710-4526-98B1-F71C6E2486AF}"
EndProject
Global
	GlobalSection(SolutionConfigurationPlatforms) = preSolution
		Debug|Any CPU = Debug|Any CPU
		Release|Any CPU = Release|Any CPU
	EndGlobalSection
	GlobalSection(ProjectConfigurationPlatforms) = postSolution
		{4D943CB5-002E-473E-A2F2-59B5D28093DA}.Debug|Any CPU.ActiveCfg = Debug|Any CPU
		{4D943CB5-002E-473E-A2F2-59B5D28093DA}.Debug|Any CPU.Build.0 = Debug|Any CPU
		{4D943CB5-002E-473E-A2F2-59B5D28093DA}.Release|Any CPU.ActiveCfg = Release|Any CPU
		{4D943CB5-002E-473E-A2F2-59B5D28093DA}.Release|Any CPU.Build.0 = Release|Any CPU
		{371091F1-D164-4F8D-B727-F628590749EC}.Debug|Any CPU.ActiveCfg = Debug|Any CPU
		{371091F1-D164-4F8D-B727-F628590749EC}.Debug|Any CPU.Build.0 = Debug|Any CPU
		{371091F1-D164-4F8D-B727-F628590749EC}.Release|Any CPU.ActiveCfg = Release|Any CPU
		{371091F1-D164-4F8D-B727-F628590749EC}.Release|Any CPU.Build.0 = Release|Any CPU
	EndGlobalSection
	GlobalSection(SolutionProperties) = preSolution
		HideSolutionNode = FALSE
	EndGlobalSection
	GlobalSection(NestedProjects) = preSolution
		{371091F1-D164-4F8D-B727-F628590749EC} = {CFB92C2F-6710-4526-98B1-F71C6E2486AF}
	EndGlobalSection
	GlobalSection(ExtensibilityGlobals) = postSolution
		SolutionGuid = {21455AF3-D451-4CDB-9561-4DA6CCC5891E}
	EndGlobalSection
EndGlobal
