
Microsoft Visual Studio Solution File, Format Version 12.00
# Visual Studio 15
VisualStudioVersion = 15.0.28307.645
MinimumVisualStudioVersion = 10.0.40219.1
Project("{9A19103F-16F7-4668-BE54-9A1E7A4F7556}") = "TestingHomework-Discounts", "TestingHomework-Discounts\TestingHomework-Discounts.csproj", "{4D943CB5-002E-473E-A2F2-59B5D28093DA}"
EndProject
Project("{9A19103F-16F7-4668-BE54-9A1E7A4F7556}") = "TestingHomework.Tests", "TestingHomework.Tests\TestingHomework.Tests.csproj", "{371091F1-D164-4F8D-B727-F628590749EC}"
EndProject
Project("{2150E333-8FDC-42A3-9474-1A3956D46DE8}") = "Tests", "Tests", "{CFB92C2F-6710-4526-98B1-F71C6E2486AF}"
EndProject
Project("{9A19103F-16F7-4668-BE54-9A1E7A4F7556}") = "Tests.DataPrep", "Tests.DataPrep\Tests.DataPrep.csproj", "{E08BCB7E-6F1B-4B14-AD5F-28EFD29454A5}"
EndProject
Project("{9A19103F-16F7-4668-BE54-9A1E7A4F7556}") = "Tests.TestBases", "Tests.TestBases\Tests.TestBases.csproj", "{F01E46B4-294B-4741-9C41-5043453677EF}"
EndProject
Project("{9A19103F-16F7-4668-BE54-9A1E7A4F7556}") = "Test.NUnitExtensions", "Test.NUnitExtensions\Test.NUnitExtensions.csproj", "{4B052059-2138-417E-A78F-A85EE253D964}"
EndProject
Project("{2150E333-8FDC-42A3-9474-1A3956D46DE8}") = "Shared", "Shared", "{179F1D05-04F4-4845-9AC5-62C8A7CB8408}"
EndProject
Project("{9A19103F-16F7-4668-BE54-9A1E7A4F7556}") = "Shared.DependencyInjectionKernel", "Shared.DependencyInjectionKernel\Shared.DependencyInjectionKernel.csproj", "{E1F10897-452F-4D07-9EDC-02DD8E7DF56D}"
EndProject
Project("{9A19103F-16F7-4668-BE54-9A1E7A4F7556}") = "Shared.DatabaseContext", "Shared.DatabaseContext\Shared.DatabaseContext.csproj", "{CC92EF1D-7A75-4BD6-83A4-0497AFBEBD20}"
EndProject
Project("{9A19103F-16F7-4668-BE54-9A1E7A4F7556}") = "Shared.DataContracts", "Shared.DataContracts\Shared.DataContracts.csproj", "{2FE68E61-E1DA-4CDE-A8FD-B6D6218A65D8}"
EndProject
Project("{2150E333-8FDC-42A3-9474-1A3956D46DE8}") = "Managers", "Managers", "{710B820F-E9BE-430E-8D33-660DCE6D83EA}"
EndProject
Project("{9A19103F-16F7-4668-BE54-9A1E7A4F7556}") = "Managers.LazyCollectionOfAllManagers", "Managers.LazyCollectionOfAllManagers\Managers.LazyCollectionOfAllManagers.csproj", "{F0579750-B30A-4642-80D5-CF727871F0B6}"
EndProject
Project("{2150E333-8FDC-42A3-9474-1A3956D46DE8}") = "Accessors", "Accessors", "{1CE75A24-761B-4FCB-BBDC-3ECE095F2232}"
EndProject
Project("{9A19103F-16F7-4668-BE54-9A1E7A4F7556}") = "Accessors.DatabaseAccessors", "Accessors.DatabaseAccessors\Accessors.DatabaseAccessors.csproj", "{B4D43742-E211-4CFA-B963-E58916954C02}"
EndProject
Global
	GlobalSection(SolutionConfigurationPlatforms) = preSolution
		Debug|Any CPU = Debug|Any CPU
		Release|Any CPU = Release|Any CPU
	EndGlobalSection
	GlobalSection(ProjectConfigurationPlatforms) = postSolution
		{4D943CB5-002E-473E-A2F2-59B5D28093DA}.Debug|Any CPU.ActiveCfg = Debug|Any CPU
		{4D943CB5-002E-473E-A2F2-59B5D28093DA}.Debug|Any CPU.Build.0 = Debug|Any CPU
		{4D943CB5-002E-473E-A2F2-59B5D28093DA}.Release|Any CPU.ActiveCfg = Release|Any CPU
		{4D943CB5-002E-473E-A2F2-59B5D28093DA}.Release|Any CPU.Build.0 = Release|Any CPU
		{371091F1-D164-4F8D-B727-F628590749EC}.Debug|Any CPU.ActiveCfg = Debug|Any CPU
		{371091F1-D164-4F8D-B727-F628590749EC}.Debug|Any CPU.Build.0 = Debug|Any CPU
		{371091F1-D164-4F8D-B727-F628590749EC}.Release|Any CPU.ActiveCfg = Release|Any CPU
		{371091F1-D164-4F8D-B727-F628590749EC}.Release|Any CPU.Build.0 = Release|Any CPU
		{E08BCB7E-6F1B-4B14-AD5F-28EFD29454A5}.Debug|Any CPU.ActiveCfg = Debug|Any CPU
		{E08BCB7E-6F1B-4B14-AD5F-28EFD29454A5}.Debug|Any CPU.Build.0 = Debug|Any CPU
		{E08BCB7E-6F1B-4B14-AD5F-28EFD29454A5}.Release|Any CPU.ActiveCfg = Release|Any CPU
		{E08BCB7E-6F1B-4B14-AD5F-28EFD29454A5}.Release|Any CPU.Build.0 = Release|Any CPU
		{F01E46B4-294B-4741-9C41-5043453677EF}.Debug|Any CPU.ActiveCfg = Debug|Any CPU
		{F01E46B4-294B-4741-9C41-5043453677EF}.Debug|Any CPU.Build.0 = Debug|Any CPU
		{F01E46B4-294B-4741-9C41-5043453677EF}.Release|Any CPU.ActiveCfg = Release|Any CPU
		{F01E46B4-294B-4741-9C41-5043453677EF}.Release|Any CPU.Build.0 = Release|Any CPU
		{4B052059-2138-417E-A78F-A85EE253D964}.Debug|Any CPU.ActiveCfg = Debug|Any CPU
		{4B052059-2138-417E-A78F-A85EE253D964}.Debug|Any CPU.Build.0 = Debug|Any CPU
		{4B052059-2138-417E-A78F-A85EE253D964}.Release|Any CPU.ActiveCfg = Release|Any CPU
		{4B052059-2138-417E-A78F-A85EE253D964}.Release|Any CPU.Build.0 = Release|Any CPU
		{E1F10897-452F-4D07-9EDC-02DD8E7DF56D}.Debug|Any CPU.ActiveCfg = Debug|Any CPU
		{E1F10897-452F-4D07-9EDC-02DD8E7DF56D}.Debug|Any CPU.Build.0 = Debug|Any CPU
		{E1F10897-452F-4D07-9EDC-02DD8E7DF56D}.Release|Any CPU.ActiveCfg = Release|Any CPU
		{E1F10897-452F-4D07-9EDC-02DD8E7DF56D}.Release|Any CPU.Build.0 = Release|Any CPU
		{CC92EF1D-7A75-4BD6-83A4-0497AFBEBD20}.Debug|Any CPU.ActiveCfg = Debug|Any CPU
		{CC92EF1D-7A75-4BD6-83A4-0497AFBEBD20}.Debug|Any CPU.Build.0 = Debug|Any CPU
		{CC92EF1D-7A75-4BD6-83A4-0497AFBEBD20}.Release|Any CPU.ActiveCfg = Release|Any CPU
		{CC92EF1D-7A75-4BD6-83A4-0497AFBEBD20}.Release|Any CPU.Build.0 = Release|Any CPU
		{2FE68E61-E1DA-4CDE-A8FD-B6D6218A65D8}.Debug|Any CPU.ActiveCfg = Debug|Any CPU
		{2FE68E61-E1DA-4CDE-A8FD-B6D6218A65D8}.Debug|Any CPU.Build.0 = Debug|Any CPU
		{2FE68E61-E1DA-4CDE-A8FD-B6D6218A65D8}.Release|Any CPU.ActiveCfg = Release|Any CPU
		{2FE68E61-E1DA-4CDE-A8FD-B6D6218A65D8}.Release|Any CPU.Build.0 = Release|Any CPU
		{F0579750-B30A-4642-80D5-CF727871F0B6}.Debug|Any CPU.ActiveCfg = Debug|Any CPU
		{F0579750-B30A-4642-80D5-CF727871F0B6}.Debug|Any CPU.Build.0 = Debug|Any CPU
		{F0579750-B30A-4642-80D5-CF727871F0B6}.Release|Any CPU.ActiveCfg = Release|Any CPU
		{F0579750-B30A-4642-80D5-CF727871F0B6}.Release|Any CPU.Build.0 = Release|Any CPU
		{B4D43742-E211-4CFA-B963-E58916954C02}.Debug|Any CPU.ActiveCfg = Debug|Any CPU
		{B4D43742-E211-4CFA-B963-E58916954C02}.Debug|Any CPU.Build.0 = Debug|Any CPU
		{B4D43742-E211-4CFA-B963-E58916954C02}.Release|Any CPU.ActiveCfg = Release|Any CPU
		{B4D43742-E211-4CFA-B963-E58916954C02}.Release|Any CPU.Build.0 = Release|Any CPU
	EndGlobalSection
	GlobalSection(SolutionProperties) = preSolution
		HideSolutionNode = FALSE
	EndGlobalSection
	GlobalSection(NestedProjects) = preSolution
		{371091F1-D164-4F8D-B727-F628590749EC} = {CFB92C2F-6710-4526-98B1-F71C6E2486AF}
		{E08BCB7E-6F1B-4B14-AD5F-28EFD29454A5} = {CFB92C2F-6710-4526-98B1-F71C6E2486AF}
		{F01E46B4-294B-4741-9C41-5043453677EF} = {CFB92C2F-6710-4526-98B1-F71C6E2486AF}
		{4B052059-2138-417E-A78F-A85EE253D964} = {CFB92C2F-6710-4526-98B1-F71C6E2486AF}
		{E1F10897-452F-4D07-9EDC-02DD8E7DF56D} = {179F1D05-04F4-4845-9AC5-62C8A7CB8408}
		{CC92EF1D-7A75-4BD6-83A4-0497AFBEBD20} = {179F1D05-04F4-4845-9AC5-62C8A7CB8408}
		{2FE68E61-E1DA-4CDE-A8FD-B6D6218A65D8} = {179F1D05-04F4-4845-9AC5-62C8A7CB8408}
		{F0579750-B30A-4642-80D5-CF727871F0B6} = {710B820F-E9BE-430E-8D33-660DCE6D83EA}
		{B4D43742-E211-4CFA-B963-E58916954C02} = {1CE75A24-761B-4FCB-BBDC-3ECE095F2232}
	EndGlobalSection
	GlobalSection(ExtensibilityGlobals) = postSolution
		SolutionGuid = {21455AF3-D451-4CDB-9561-4DA6CCC5891E}
	EndGlobalSection
EndGlobal
